// !$*UTF8*$!
{
	archiveVersion = 1;
	classes = {
	};
	objectVersion = 56;
	objects = {

/* Begin PBXBuildFile section */
		F3D4485C2AA0946600C1BDCD /* WidgetApp.swift in Sources */ = {isa = PBXBuildFile; fileRef = F3D4485B2AA0946600C1BDCD /* WidgetApp.swift */; };
		F3D4485E2AA0946600C1BDCD /* ContentView.swift in Sources */ = {isa = PBXBuildFile; fileRef = F3D4485D2AA0946600C1BDCD /* ContentView.swift */; };
		F3D448602AA0946800C1BDCD /* Assets.xcassets in Resources */ = {isa = PBXBuildFile; fileRef = F3D4485F2AA0946800C1BDCD /* Assets.xcassets */; };
		F3D448632AA0946800C1BDCD /* Preview Assets.xcassets in Resources */ = {isa = PBXBuildFile; fileRef = F3D448622AA0946800C1BDCD /* Preview Assets.xcassets */; };
		F3D4486A2AA095BF00C1BDCD /* Item.swift in Sources */ = {isa = PBXBuildFile; fileRef = F3D448692AA095BF00C1BDCD /* Item.swift */; };
		F3D4486C2AA0995500C1BDCD /* ImageView.swift in Sources */ = {isa = PBXBuildFile; fileRef = F3D4486B2AA0995500C1BDCD /* ImageView.swift */; };
		F3D4486E2AA0ED7300C1BDCD /* ItemView.swift in Sources */ = {isa = PBXBuildFile; fileRef = F3D4486D2AA0ED7300C1BDCD /* ItemView.swift */; };
		F3E7E01C2AA1E31800ADAA7C /* WidgetKit.framework in Frameworks */ = {isa = PBXBuildFile; fileRef = F3E7E01B2AA1E31800ADAA7C /* WidgetKit.framework */; };
		F3E7E01E2AA1E31800ADAA7C /* SwiftUI.framework in Frameworks */ = {isa = PBXBuildFile; fileRef = F3E7E01D2AA1E31800ADAA7C /* SwiftUI.framework */; };
		F3E7E0212AA1E31800ADAA7C /* ItemWidgetBundle.swift in Sources */ = {isa = PBXBuildFile; fileRef = F3E7E0202AA1E31800ADAA7C /* ItemWidgetBundle.swift */; };
		F3E7E0232AA1E31800ADAA7C /* ItemWidgetLiveActivity.swift in Sources */ = {isa = PBXBuildFile; fileRef = F3E7E0222AA1E31800ADAA7C /* ItemWidgetLiveActivity.swift */; };
		F3E7E0252AA1E31800ADAA7C /* ItemWidget.swift in Sources */ = {isa = PBXBuildFile; fileRef = F3E7E0242AA1E31800ADAA7C /* ItemWidget.swift */; };
		F3E7E0282AA1E31900ADAA7C /* Assets.xcassets in Resources */ = {isa = PBXBuildFile; fileRef = F3E7E0272AA1E31900ADAA7C /* Assets.xcassets */; };
		F3E7E02A2AA1E31900ADAA7C /* ItemWidget.intentdefinition in Sources */ = {isa = PBXBuildFile; fileRef = F3E7E0262AA1E31800ADAA7C /* ItemWidget.intentdefinition */; };
		F3E7E02B2AA1E31900ADAA7C /* ItemWidget.intentdefinition in Sources */ = {isa = PBXBuildFile; fileRef = F3E7E0262AA1E31800ADAA7C /* ItemWidget.intentdefinition */; };
		F3E7E02E2AA1E31900ADAA7C /* ItemWidgetExtension.appex in Embed Foundation Extensions */ = {isa = PBXBuildFile; fileRef = F3E7E0192AA1E31800ADAA7C /* ItemWidgetExtension.appex */; settings = {ATTRIBUTES = (RemoveHeadersOnCopy, ); }; };
		F3E7E0332AA1E50900ADAA7C /* ItemView.swift in Sources */ = {isa = PBXBuildFile; fileRef = F3D4486D2AA0ED7300C1BDCD /* ItemView.swift */; };
		F3E7E0342AA1E51E00ADAA7C /* ImageView.swift in Sources */ = {isa = PBXBuildFile; fileRef = F3D4486B2AA0995500C1BDCD /* ImageView.swift */; };
		F3E7E0352AA1E53F00ADAA7C /* Item.swift in Sources */ = {isa = PBXBuildFile; fileRef = F3D448692AA095BF00C1BDCD /* Item.swift */; };
		F3E7E0362AA1E89E00ADAA7C /* Assets.xcassets in Resources */ = {isa = PBXBuildFile; fileRef = F3D4485F2AA0946800C1BDCD /* Assets.xcassets */; };
/* End PBXBuildFile section */

/* Begin PBXContainerItemProxy section */
		F3E7E02C2AA1E31900ADAA7C /* PBXContainerItemProxy */ = {
			isa = PBXContainerItemProxy;
			containerPortal = F3D448502AA0946600C1BDCD /* Project object */;
			proxyType = 1;
			remoteGlobalIDString = F3E7E0182AA1E31800ADAA7C;
			remoteInfo = ItemWidgetExtension;
		};
/* End PBXContainerItemProxy section */

/* Begin PBXCopyFilesBuildPhase section */
		F3E7E02F2AA1E31900ADAA7C /* Embed Foundation Extensions */ = {
			isa = PBXCopyFilesBuildPhase;
			buildActionMask = 2147483647;
			dstPath = "";
			dstSubfolderSpec = 13;
			files = (
				F3E7E02E2AA1E31900ADAA7C /* ItemWidgetExtension.appex in Embed Foundation Extensions */,
			);
			name = "Embed Foundation Extensions";
			runOnlyForDeploymentPostprocessing = 0;
		};
/* End PBXCopyFilesBuildPhase section */

/* Begin PBXFileReference section */
		F30242BF2AA1A3AD0055B099 /* Widget.entitlements */ = {isa = PBXFileReference; lastKnownFileType = text.plist.entitlements; path = Widget.entitlements; sourceTree = "<group>"; };
		F3D448582AA0946600C1BDCD /* Widget.app */ = {isa = PBXFileReference; explicitFileType = wrapper.application; includeInIndex = 0; path = Widget.app; sourceTree = BUILT_PRODUCTS_DIR; };
		F3D4485B2AA0946600C1BDCD /* WidgetApp.swift */ = {isa = PBXFileReference; lastKnownFileType = sourcecode.swift; path = WidgetApp.swift; sourceTree = "<group>"; };
		F3D4485D2AA0946600C1BDCD /* ContentView.swift */ = {isa = PBXFileReference; lastKnownFileType = sourcecode.swift; path = ContentView.swift; sourceTree = "<group>"; };
		F3D4485F2AA0946800C1BDCD /* Assets.xcassets */ = {isa = PBXFileReference; lastKnownFileType = folder.assetcatalog; path = Assets.xcassets; sourceTree = "<group>"; };
		F3D448622AA0946800C1BDCD /* Preview Assets.xcassets */ = {isa = PBXFileReference; lastKnownFileType = folder.assetcatalog; path = "Preview Assets.xcassets"; sourceTree = "<group>"; };
		F3D448692AA095BF00C1BDCD /* Item.swift */ = {isa = PBXFileReference; lastKnownFileType = sourcecode.swift; path = Item.swift; sourceTree = "<group>"; };
		F3D4486B2AA0995500C1BDCD /* ImageView.swift */ = {isa = PBXFileReference; lastKnownFileType = sourcecode.swift; path = ImageView.swift; sourceTree = "<group>"; };
		F3D4486D2AA0ED7300C1BDCD /* ItemView.swift */ = {isa = PBXFileReference; lastKnownFileType = sourcecode.swift; path = ItemView.swift; sourceTree = "<group>"; };
		F3E7E0192AA1E31800ADAA7C /* ItemWidgetExtension.appex */ = {isa = PBXFileReference; explicitFileType = "wrapper.app-extension"; includeInIndex = 0; path = ItemWidgetExtension.appex; sourceTree = BUILT_PRODUCTS_DIR; };
		F3E7E01B2AA1E31800ADAA7C /* WidgetKit.framework */ = {isa = PBXFileReference; lastKnownFileType = wrapper.framework; name = WidgetKit.framework; path = System/Library/Frameworks/WidgetKit.framework; sourceTree = SDKROOT; };
		F3E7E01D2AA1E31800ADAA7C /* SwiftUI.framework */ = {isa = PBXFileReference; lastKnownFileType = wrapper.framework; name = SwiftUI.framework; path = System/Library/Frameworks/SwiftUI.framework; sourceTree = SDKROOT; };
		F3E7E0202AA1E31800ADAA7C /* ItemWidgetBundle.swift */ = {isa = PBXFileReference; lastKnownFileType = sourcecode.swift; path = ItemWidgetBundle.swift; sourceTree = "<group>"; };
		F3E7E0222AA1E31800ADAA7C /* ItemWidgetLiveActivity.swift */ = {isa = PBXFileReference; lastKnownFileType = sourcecode.swift; path = ItemWidgetLiveActivity.swift; sourceTree = "<group>"; };
		F3E7E0242AA1E31800ADAA7C /* ItemWidget.swift */ = {isa = PBXFileReference; lastKnownFileType = sourcecode.swift; path = ItemWidget.swift; sourceTree = "<group>"; };
		F3E7E0262AA1E31800ADAA7C /* ItemWidget.intentdefinition */ = {isa = PBXFileReference; lastKnownFileType = file.intentdefinition; path = ItemWidget.intentdefinition; sourceTree = "<group>"; };
		F3E7E0272AA1E31900ADAA7C /* Assets.xcassets */ = {isa = PBXFileReference; lastKnownFileType = folder.assetcatalog; path = Assets.xcassets; sourceTree = "<group>"; };
		F3E7E0292AA1E31900ADAA7C /* Info.plist */ = {isa = PBXFileReference; lastKnownFileType = text.plist.xml; path = Info.plist; sourceTree = "<group>"; };
		F3E7E0372AA1E8D200ADAA7C /* ItemWidgetExtension.entitlements */ = {isa = PBXFileReference; lastKnownFileType = text.plist.entitlements; path = ItemWidgetExtension.entitlements; sourceTree = "<group>"; };
/* End PBXFileReference section */

/* Begin PBXFrameworksBuildPhase section */
		F3D448552AA0946600C1BDCD /* Frameworks */ = {
			isa = PBXFrameworksBuildPhase;
			buildActionMask = 2147483647;
			files = (
			);
			runOnlyForDeploymentPostprocessing = 0;
		};
		F3E7E0162AA1E31800ADAA7C /* Frameworks */ = {
			isa = PBXFrameworksBuildPhase;
			buildActionMask = 2147483647;
			files = (
				F3E7E01E2AA1E31800ADAA7C /* SwiftUI.framework in Frameworks */,
				F3E7E01C2AA1E31800ADAA7C /* WidgetKit.framework in Frameworks */,
			);
			runOnlyForDeploymentPostprocessing = 0;
		};
/* End PBXFrameworksBuildPhase section */

/* Begin PBXGroup section */
		F3D4484F2AA0946600C1BDCD = {
			isa = PBXGroup;
			children = (
				F3E7E0372AA1E8D200ADAA7C /* ItemWidgetExtension.entitlements */,
				F3D4485A2AA0946600C1BDCD /* Widget */,
				F3E7E01F2AA1E31800ADAA7C /* ItemWidget */,
				F3E7E01A2AA1E31800ADAA7C /* Frameworks */,
				F3D448592AA0946600C1BDCD /* Products */,
			);
			sourceTree = "<group>";
		};
		F3D448592AA0946600C1BDCD /* Products */ = {
			isa = PBXGroup;
			children = (
				F3D448582AA0946600C1BDCD /* Widget.app */,
				F3E7E0192AA1E31800ADAA7C /* ItemWidgetExtension.appex */,
			);
			name = Products;
			sourceTree = "<group>";
		};
		F3D4485A2AA0946600C1BDCD /* Widget */ = {
			isa = PBXGroup;
			children = (
				F30242BF2AA1A3AD0055B099 /* Widget.entitlements */,
				F3D448692AA095BF00C1BDCD /* Item.swift */,
				F3D4485B2AA0946600C1BDCD /* WidgetApp.swift */,
				F3D4485D2AA0946600C1BDCD /* ContentView.swift */,
				F3D4486B2AA0995500C1BDCD /* ImageView.swift */,
				F3D4486D2AA0ED7300C1BDCD /* ItemView.swift */,
				F3D4485F2AA0946800C1BDCD /* Assets.xcassets */,
				F3D448612AA0946800C1BDCD /* Preview Content */,
			);
			path = Widget;
			sourceTree = "<group>";
		};
		F3D448612AA0946800C1BDCD /* Preview Content */ = {
			isa = PBXGroup;
			children = (
				F3D448622AA0946800C1BDCD /* Preview Assets.xcassets */,
			);
			path = "Preview Content";
			sourceTree = "<group>";
		};
		F3E7E01A2AA1E31800ADAA7C /* Frameworks */ = {
			isa = PBXGroup;
			children = (
				F3E7E01B2AA1E31800ADAA7C /* WidgetKit.framework */,
				F3E7E01D2AA1E31800ADAA7C /* SwiftUI.framework */,
			);
			name = Frameworks;
			sourceTree = "<group>";
		};
		F3E7E01F2AA1E31800ADAA7C /* ItemWidget */ = {
			isa = PBXGroup;
			children = (
				F3E7E0202AA1E31800ADAA7C /* ItemWidgetBundle.swift */,
				F3E7E0222AA1E31800ADAA7C /* ItemWidgetLiveActivity.swift */,
				F3E7E0242AA1E31800ADAA7C /* ItemWidget.swift */,
				F3E7E0262AA1E31800ADAA7C /* ItemWidget.intentdefinition */,
				F3E7E0272AA1E31900ADAA7C /* Assets.xcassets */,
				F3E7E0292AA1E31900ADAA7C /* Info.plist */,
			);
			path = ItemWidget;
			sourceTree = "<group>";
		};
/* End PBXGroup section */

/* Begin PBXNativeTarget section */
		F3D448572AA0946600C1BDCD /* Widget */ = {
			isa = PBXNativeTarget;
			buildConfigurationList = F3D448662AA0946800C1BDCD /* Build configuration list for PBXNativeTarget "Widget" */;
			buildPhases = (
				F3D448542AA0946600C1BDCD /* Sources */,
				F3D448552AA0946600C1BDCD /* Frameworks */,
				F3D448562AA0946600C1BDCD /* Resources */,
				F3E7E02F2AA1E31900ADAA7C /* Embed Foundation Extensions */,
			);
			buildRules = (
			);
			dependencies = (
				F3E7E02D2AA1E31900ADAA7C /* PBXTargetDependency */,
			);
			name = Widget;
			productName = Widget;
			productReference = F3D448582AA0946600C1BDCD /* Widget.app */;
			productType = "com.apple.product-type.application";
		};
		F3E7E0182AA1E31800ADAA7C /* ItemWidgetExtension */ = {
			isa = PBXNativeTarget;
			buildConfigurationList = F3E7E0322AA1E31900ADAA7C /* Build configuration list for PBXNativeTarget "ItemWidgetExtension" */;
			buildPhases = (
				F3E7E0152AA1E31800ADAA7C /* Sources */,
				F3E7E0162AA1E31800ADAA7C /* Frameworks */,
				F3E7E0172AA1E31800ADAA7C /* Resources */,
			);
			buildRules = (
			);
			dependencies = (
			);
			name = ItemWidgetExtension;
			productName = ItemWidgetExtension;
			productReference = F3E7E0192AA1E31800ADAA7C /* ItemWidgetExtension.appex */;
			productType = "com.apple.product-type.app-extension";
		};
/* End PBXNativeTarget section */

/* Begin PBXProject section */
		F3D448502AA0946600C1BDCD /* Project object */ = {
			isa = PBXProject;
			attributes = {
				BuildIndependentTargetsInParallel = 1;
				LastSwiftUpdateCheck = 1430;
				LastUpgradeCheck = 1430;
				TargetAttributes = {
					F3D448572AA0946600C1BDCD = {
						CreatedOnToolsVersion = 14.3.1;
					};
					F3E7E0182AA1E31800ADAA7C = {
						CreatedOnToolsVersion = 14.3.1;
					};
				};
			};
			buildConfigurationList = F3D448532AA0946600C1BDCD /* Build configuration list for PBXProject "Widget" */;
			compatibilityVersion = "Xcode 14.0";
			developmentRegion = en;
			hasScannedForEncodings = 0;
			knownRegions = (
				en,
				Base,
			);
			mainGroup = F3D4484F2AA0946600C1BDCD;
			productRefGroup = F3D448592AA0946600C1BDCD /* Products */;
			projectDirPath = "";
			projectRoot = "";
			targets = (
				F3D448572AA0946600C1BDCD /* Widget */,
				F3E7E0182AA1E31800ADAA7C /* ItemWidgetExtension */,
			);
		};
/* End PBXProject section */

/* Begin PBXResourcesBuildPhase section */
		F3D448562AA0946600C1BDCD /* Resources */ = {
			isa = PBXResourcesBuildPhase;
			buildActionMask = 2147483647;
			files = (
				F3D448632AA0946800C1BDCD /* Preview Assets.xcassets in Resources */,
				F3D448602AA0946800C1BDCD /* Assets.xcassets in Resources */,
			);
			runOnlyForDeploymentPostprocessing = 0;
		};
		F3E7E0172AA1E31800ADAA7C /* Resources */ = {
			isa = PBXResourcesBuildPhase;
			buildActionMask = 2147483647;
			files = (
				F3E7E0362AA1E89E00ADAA7C /* Assets.xcassets in Resources */,
				F3E7E0282AA1E31900ADAA7C /* Assets.xcassets in Resources */,
			);
			runOnlyForDeploymentPostprocessing = 0;
		};
/* End PBXResourcesBuildPhase section */

/* Begin PBXSourcesBuildPhase section */
		F3D448542AA0946600C1BDCD /* Sources */ = {
			isa = PBXSourcesBuildPhase;
			buildActionMask = 2147483647;
			files = (
				F3D4485E2AA0946600C1BDCD /* ContentView.swift in Sources */,
				F3E7E02B2AA1E31900ADAA7C /* ItemWidget.intentdefinition in Sources */,
				F3D4486C2AA0995500C1BDCD /* ImageView.swift in Sources */,
				F3D4486A2AA095BF00C1BDCD /* Item.swift in Sources */,
				F3D4486E2AA0ED7300C1BDCD /* ItemView.swift in Sources */,
				F3D4485C2AA0946600C1BDCD /* WidgetApp.swift in Sources */,
			);
			runOnlyForDeploymentPostprocessing = 0;
		};
		F3E7E0152AA1E31800ADAA7C /* Sources */ = {
			isa = PBXSourcesBuildPhase;
			buildActionMask = 2147483647;
			files = (
				F3E7E0342AA1E51E00ADAA7C /* ImageView.swift in Sources */,
				F3E7E0212AA1E31800ADAA7C /* ItemWidgetBundle.swift in Sources */,
				F3E7E0232AA1E31800ADAA7C /* ItemWidgetLiveActivity.swift in Sources */,
				F3E7E0252AA1E31800ADAA7C /* ItemWidget.swift in Sources */,
				F3E7E0352AA1E53F00ADAA7C /* Item.swift in Sources */,
				F3E7E0332AA1E50900ADAA7C /* ItemView.swift in Sources */,
				F3E7E02A2AA1E31900ADAA7C /* ItemWidget.intentdefinition in Sources */,
			);
			runOnlyForDeploymentPostprocessing = 0;
		};
/* End PBXSourcesBuildPhase section */

/* Begin PBXTargetDependency section */
		F3E7E02D2AA1E31900ADAA7C /* PBXTargetDependency */ = {
			isa = PBXTargetDependency;
			target = F3E7E0182AA1E31800ADAA7C /* ItemWidgetExtension */;
			targetProxy = F3E7E02C2AA1E31900ADAA7C /* PBXContainerItemProxy */;
		};
/* End PBXTargetDependency section */

/* Begin XCBuildConfiguration section */
		F3D448642AA0946800C1BDCD /* Debug */ = {
			isa = XCBuildConfiguration;
			buildSettings = {
				ALWAYS_SEARCH_USER_PATHS = NO;
				CLANG_ANALYZER_NONNULL = YES;
				CLANG_ANALYZER_NUMBER_OBJECT_CONVERSION = YES_AGGRESSIVE;
				CLANG_CXX_LANGUAGE_STANDARD = "gnu++20";
				CLANG_ENABLE_MODULES = YES;
				CLANG_ENABLE_OBJC_ARC = YES;
				CLANG_ENABLE_OBJC_WEAK = YES;
				CLANG_WARN_BLOCK_CAPTURE_AUTORELEASING = YES;
				CLANG_WARN_BOOL_CONVERSION = YES;
				CLANG_WARN_COMMA = YES;
				CLANG_WARN_CONSTANT_CONVERSION = YES;
				CLANG_WARN_DEPRECATED_OBJC_IMPLEMENTATIONS = YES;
				CLANG_WARN_DIRECT_OBJC_ISA_USAGE = YES_ERROR;
				CLANG_WARN_DOCUMENTATION_COMMENTS = YES;
				CLANG_WARN_EMPTY_BODY = YES;
				CLANG_WARN_ENUM_CONVERSION = YES;
				CLANG_WARN_INFINITE_RECURSION = YES;
				CLANG_WARN_INT_CONVERSION = YES;
				CLANG_WARN_NON_LITERAL_NULL_CONVERSION = YES;
				CLANG_WARN_OBJC_IMPLICIT_RETAIN_SELF = YES;
				CLANG_WARN_OBJC_LITERAL_CONVERSION = YES;
				CLANG_WARN_OBJC_ROOT_CLASS = YES_ERROR;
				CLANG_WARN_QUOTED_INCLUDE_IN_FRAMEWORK_HEADER = YES;
				CLANG_WARN_RANGE_LOOP_ANALYSIS = YES;
				CLANG_WARN_STRICT_PROTOTYPES = YES;
				CLANG_WARN_SUSPICIOUS_MOVE = YES;
				CLANG_WARN_UNGUARDED_AVAILABILITY = YES_AGGRESSIVE;
				CLANG_WARN_UNREACHABLE_CODE = YES;
				CLANG_WARN__DUPLICATE_METHOD_MATCH = YES;
				COPY_PHASE_STRIP = NO;
				DEBUG_INFORMATION_FORMAT = dwarf;
				ENABLE_STRICT_OBJC_MSGSEND = YES;
				ENABLE_TESTABILITY = YES;
				GCC_C_LANGUAGE_STANDARD = gnu11;
				GCC_DYNAMIC_NO_PIC = NO;
				GCC_NO_COMMON_BLOCKS = YES;
				GCC_OPTIMIZATION_LEVEL = 0;
				GCC_PREPROCESSOR_DEFINITIONS = (
					"DEBUG=1",
					"$(inherited)",
				);
				GCC_WARN_64_TO_32_BIT_CONVERSION = YES;
				GCC_WARN_ABOUT_RETURN_TYPE = YES_ERROR;
				GCC_WARN_UNDECLARED_SELECTOR = YES;
				GCC_WARN_UNINITIALIZED_AUTOS = YES_AGGRESSIVE;
				GCC_WARN_UNUSED_FUNCTION = YES;
				GCC_WARN_UNUSED_VARIABLE = YES;
				IPHONEOS_DEPLOYMENT_TARGET = 16.4;
				MTL_ENABLE_DEBUG_INFO = INCLUDE_SOURCE;
				MTL_FAST_MATH = YES;
				ONLY_ACTIVE_ARCH = YES;
				SDKROOT = iphoneos;
				SWIFT_ACTIVE_COMPILATION_CONDITIONS = DEBUG;
				SWIFT_OPTIMIZATION_LEVEL = "-Onone";
			};
			name = Debug;
		};
		F3D448652AA0946800C1BDCD /* Release */ = {
			isa = XCBuildConfiguration;
			buildSettings = {
				ALWAYS_SEARCH_USER_PATHS = NO;
				CLANG_ANALYZER_NONNULL = YES;
				CLANG_ANALYZER_NUMBER_OBJECT_CONVERSION = YES_AGGRESSIVE;
				CLANG_CXX_LANGUAGE_STANDARD = "gnu++20";
				CLANG_ENABLE_MODULES = YES;
				CLANG_ENABLE_OBJC_ARC = YES;
				CLANG_ENABLE_OBJC_WEAK = YES;
				CLANG_WARN_BLOCK_CAPTURE_AUTORELEASING = YES;
				CLANG_WARN_BOOL_CONVERSION = YES;
				CLANG_WARN_COMMA = YES;
				CLANG_WARN_CONSTANT_CONVERSION = YES;
				CLANG_WARN_DEPRECATED_OBJC_IMPLEMENTATIONS = YES;
				CLANG_WARN_DIRECT_OBJC_ISA_USAGE = YES_ERROR;
				CLANG_WARN_DOCUMENTATION_COMMENTS = YES;
				CLANG_WARN_EMPTY_BODY = YES;
				CLANG_WARN_ENUM_CONVERSION = YES;
				CLANG_WARN_INFINITE_RECURSION = YES;
				CLANG_WARN_INT_CONVERSION = YES;
				CLANG_WARN_NON_LITERAL_NULL_CONVERSION = YES;
				CLANG_WARN_OBJC_IMPLICIT_RETAIN_SELF = YES;
				CLANG_WARN_OBJC_LITERAL_CONVERSION = YES;
				CLANG_WARN_OBJC_ROOT_CLASS = YES_ERROR;
				CLANG_WARN_QUOTED_INCLUDE_IN_FRAMEWORK_HEADER = YES;
				CLANG_WARN_RANGE_LOOP_ANALYSIS = YES;
				CLANG_WARN_STRICT_PROTOTYPES = YES;
				CLANG_WARN_SUSPICIOUS_MOVE = YES;
				CLANG_WARN_UNGUARDED_AVAILABILITY = YES_AGGRESSIVE;
				CLANG_WARN_UNREACHABLE_CODE = YES;
				CLANG_WARN__DUPLICATE_METHOD_MATCH = YES;
				COPY_PHASE_STRIP = NO;
				DEBUG_INFORMATION_FORMAT = "dwarf-with-dsym";
				ENABLE_NS_ASSERTIONS = NO;
				ENABLE_STRICT_OBJC_MSGSEND = YES;
				GCC_C_LANGUAGE_STANDARD = gnu11;
				GCC_NO_COMMON_BLOCKS = YES;
				GCC_WARN_64_TO_32_BIT_CONVERSION = YES;
				GCC_WARN_ABOUT_RETURN_TYPE = YES_ERROR;
				GCC_WARN_UNDECLARED_SELECTOR = YES;
				GCC_WARN_UNINITIALIZED_AUTOS = YES_AGGRESSIVE;
				GCC_WARN_UNUSED_FUNCTION = YES;
				GCC_WARN_UNUSED_VARIABLE = YES;
				IPHONEOS_DEPLOYMENT_TARGET = 16.4;
				MTL_ENABLE_DEBUG_INFO = NO;
				MTL_FAST_MATH = YES;
				SDKROOT = iphoneos;
				SWIFT_COMPILATION_MODE = wholemodule;
				SWIFT_OPTIMIZATION_LEVEL = "-O";
				VALIDATE_PRODUCT = YES;
			};
			name = Release;
		};
		F3D448672AA0946800C1BDCD /* Debug */ = {
			isa = XCBuildConfiguration;
			buildSettings = {
				ALWAYS_EMBED_SWIFT_STANDARD_LIBRARIES = YES;
				ASSETCATALOG_COMPILER_APPICON_NAME = AppIcon;
				ASSETCATALOG_COMPILER_GLOBAL_ACCENT_COLOR_NAME = AccentColor;
				CODE_SIGN_ENTITLEMENTS = Widget/Widget.entitlements;
				CODE_SIGN_STYLE = Automatic;
				CURRENT_PROJECT_VERSION = 1;
				DEVELOPMENT_ASSET_PATHS = "\"Widget/Preview Content\"";
				DEVELOPMENT_TEAM = D2B9GVU856;
				ENABLE_PREVIEWS = YES;
				GENERATE_INFOPLIST_FILE = YES;
				INFOPLIST_KEY_UIApplicationSceneManifest_Generation = YES;
				INFOPLIST_KEY_UIApplicationSupportsIndirectInputEvents = YES;
				INFOPLIST_KEY_UILaunchScreen_Generation = YES;
				INFOPLIST_KEY_UISupportedInterfaceOrientations_iPad = "UIInterfaceOrientationPortrait UIInterfaceOrientationPortraitUpsideDown UIInterfaceOrientationLandscapeLeft UIInterfaceOrientationLandscapeRight";
				INFOPLIST_KEY_UISupportedInterfaceOrientations_iPhone = "UIInterfaceOrientationPortrait UIInterfaceOrientationLandscapeLeft UIInterfaceOrientationLandscapeRight";
				LD_RUNPATH_SEARCH_PATHS = (
					"$(inherited)",
					"@executable_path/Frameworks",
				);
				MARKETING_VERSION = 1.0;
				PRODUCT_BUNDLE_IDENTIFIER = com.gali.Widget;
				PRODUCT_NAME = "$(TARGET_NAME)";
				SWIFT_EMIT_LOC_STRINGS = YES;
				SWIFT_VERSION = 5.0;
				TARGETED_DEVICE_FAMILY = "1,2";
			};
			name = Debug;
		};
		F3D448682AA0946800C1BDCD /* Release */ = {
			isa = XCBuildConfiguration;
			buildSettings = {
				ALWAYS_EMBED_SWIFT_STANDARD_LIBRARIES = YES;
				ASSETCATALOG_COMPILER_APPICON_NAME = AppIcon;
				ASSETCATALOG_COMPILER_GLOBAL_ACCENT_COLOR_NAME = AccentColor;
				CODE_SIGN_ENTITLEMENTS = Widget/Widget.entitlements;
				CODE_SIGN_STYLE = Automatic;
				CURRENT_PROJECT_VERSION = 1;
				DEVELOPMENT_ASSET_PATHS = "\"Widget/Preview Content\"";
				DEVELOPMENT_TEAM = D2B9GVU856;
				ENABLE_PREVIEWS = YES;
				GENERATE_INFOPLIST_FILE = YES;
				INFOPLIST_KEY_UIApplicationSceneManifest_Generation = YES;
				INFOPLIST_KEY_UIApplicationSupportsIndirectInputEvents = YES;
				INFOPLIST_KEY_UILaunchScreen_Generation = YES;
				INFOPLIST_KEY_UISupportedInterfaceOrientations_iPad = "UIInterfaceOrientationPortrait UIInterfaceOrientationPortraitUpsideDown UIInterfaceOrientationLandscapeLeft UIInterfaceOrientationLandscapeRight";
				INFOPLIST_KEY_UISupportedInterfaceOrientations_iPhone = "UIInterfaceOrientationPortrait UIInterfaceOrientationLandscapeLeft UIInterfaceOrientationLandscapeRight";
				LD_RUNPATH_SEARCH_PATHS = (
					"$(inherited)",
					"@executable_path/Frameworks",
				);
				MARKETING_VERSION = 1.0;
				PRODUCT_BUNDLE_IDENTIFIER = com.gali.Widget;
				PRODUCT_NAME = "$(TARGET_NAME)";
				SWIFT_EMIT_LOC_STRINGS = YES;
				SWIFT_VERSION = 5.0;
				TARGETED_DEVICE_FAMILY = "1,2";
			};
			name = Release;
		};
		F3E7E0302AA1E31900ADAA7C /* Debug */ = {
			isa = XCBuildConfiguration;
			buildSettings = {
				ASSETCATALOG_COMPILER_GLOBAL_ACCENT_COLOR_NAME = AccentColor;
				ASSETCATALOG_COMPILER_WIDGET_BACKGROUND_COLOR_NAME = WidgetBackground;
				CODE_SIGN_ENTITLEMENTS = ItemWidgetExtension.entitlements;
				CODE_SIGN_STYLE = Automatic;
				CURRENT_PROJECT_VERSION = 1;
				DEVELOPMENT_TEAM = D2B9GVU856;
				GENERATE_INFOPLIST_FILE = YES;
				INFOPLIST_FILE = ItemWidget/Info.plist;
				INFOPLIST_KEY_CFBundleDisplayName = ItemWidget;
				INFOPLIST_KEY_NSHumanReadableCopyright = "";
				LD_RUNPATH_SEARCH_PATHS = (
					"$(inherited)",
					"@executable_path/Frameworks",
					"@executable_path/../../Frameworks",
				);
				MARKETING_VERSION = 1.0;
				PRODUCT_BUNDLE_IDENTIFIER = com.gali.Widget.ItemWidget;
				PRODUCT_NAME = "$(TARGET_NAME)";
				SKIP_INSTALL = YES;
				SWIFT_EMIT_LOC_STRINGS = YES;
				SWIFT_VERSION = 5.0;
				TARGETED_DEVICE_FAMILY = "1,2";
			};
			name = Debug;
		};
		F3E7E0312AA1E31900ADAA7C /* Release */ = {
			isa = XCBuildConfiguration;
			buildSettings = {
				ASSETCATALOG_COMPILER_GLOBAL_ACCENT_COLOR_NAME = AccentColor;
				ASSETCATALOG_COMPILER_WIDGET_BACKGROUND_COLOR_NAME = WidgetBackground;
				CODE_SIGN_ENTITLEMENTS = ItemWidgetExtension.entitlements;
				CODE_SIGN_STYLE = Automatic;
				CURRENT_PROJECT_VERSION = 1;
				DEVELOPMENT_TEAM = D2B9GVU856;
				GENERATE_INFOPLIST_FILE = YES;
				INFOPLIST_FILE = ItemWidget/Info.plist;
				INFOPLIST_KEY_CFBundleDisplayName = ItemWidget;
				INFOPLIST_KEY_NSHumanReadableCopyright = "";
				LD_RUNPATH_SEARCH_PATHS = (
					"$(inherited)",
					"@executable_path/Frameworks",
					"@executable_path/../../Frameworks",
				);
				MARKETING_VERSION = 1.0;
				PRODUCT_BUNDLE_IDENTIFIER = com.gali.Widget.ItemWidget;
				PRODUCT_NAME = "$(TARGET_NAME)";
				SKIP_INSTALL = YES;
				SWIFT_EMIT_LOC_STRINGS = YES;
				SWIFT_VERSION = 5.0;
				TARGETED_DEVICE_FAMILY = "1,2";
			};
			name = Release;
		};
/* End XCBuildConfiguration section */

/* Begin XCConfigurationList section */
		F3D448532AA0946600C1BDCD /* Build configuration list for PBXProject "Widget" */ = {
			isa = XCConfigurationList;
			buildConfigurations = (
				F3D448642AA0946800C1BDCD /* Debug */,
				F3D448652AA0946800C1BDCD /* Release */,
			);
			defaultConfigurationIsVisible = 0;
			defaultConfigurationName = Release;
		};
		F3D448662AA0946800C1BDCD /* Build configuration list for PBXNativeTarget "Widget" */ = {
			isa = XCConfigurationList;
			buildConfigurations = (
				F3D448672AA0946800C1BDCD /* Debug */,
				F3D448682AA0946800C1BDCD /* Release */,
			);
			defaultConfigurationIsVisible = 0;
			defaultConfigurationName = Release;
		};
		F3E7E0322AA1E31900ADAA7C /* Build configuration list for PBXNativeTarget "ItemWidgetExtension" */ = {
			isa = XCConfigurationList;
			buildConfigurations = (
				F3E7E0302AA1E31900ADAA7C /* Debug */,
				F3E7E0312AA1E31900ADAA7C /* Release */,
			);
			defaultConfigurationIsVisible = 0;
			defaultConfigurationName = Release;
		};
/* End XCConfigurationList section */
	};
	rootObject = F3D448502AA0946600C1BDCD /* Project object */;
}
